
Microsoft Visual Studio Solution File, Format Version 12.00
# Visual Studio Version 16
VisualStudioVersion = 16.0.30517.126
MinimumVisualStudioVersion = 10.0.40219.1
Project("{FAE04EC0-301F-11D3-BF4B-00C04F79EFBC}") = "ImageDrawer", "ImageDrawer\ImageDrawer.csproj", "{22543895-C4ED-401B-A4EF-529AE17C6BFC}"
EndProject
Project("{FAE04EC0-301F-11D3-BF4B-00C04F79EFBC}") = "ImageDrawerUI", "ImageDrawerUI\ImageDrawerUI.csproj", "{A4338D41-F4A7-4127-B2C1-2AF47A94CDBA}"
EndProject
Project("{FAE04EC0-301F-11D3-BF4B-00C04F79EFBC}") = "preview_test", "preview_test\preview_test.csproj", "{203BB8FF-6CBF-49F5-9006-C21C1074EF77}"
EndProject
Global
	GlobalSection(SolutionConfigurationPlatforms) = preSolution
		Debug|Any CPU = Debug|Any CPU
		Release|Any CPU = Release|Any CPU
	EndGlobalSection
	GlobalSection(ProjectConfigurationPlatforms) = postSolution
		{22543895-C4ED-401B-A4EF-529AE17C6BFC}.Debug|Any CPU.ActiveCfg = Debug|Any CPU
		{22543895-C4ED-401B-A4EF-529AE17C6BFC}.Debug|Any CPU.Build.0 = Debug|Any CPU
		{22543895-C4ED-401B-A4EF-529AE17C6BFC}.Release|Any CPU.ActiveCfg = Release|Any CPU
		{22543895-C4ED-401B-A4EF-529AE17C6BFC}.Release|Any CPU.Build.0 = Release|Any CPU
		{A4338D41-F4A7-4127-B2C1-2AF47A94CDBA}.Debug|Any CPU.ActiveCfg = Debug|Any CPU
		{A4338D41-F4A7-4127-B2C1-2AF47A94CDBA}.Debug|Any CPU.Build.0 = Debug|Any CPU
		{A4338D41-F4A7-4127-B2C1-2AF47A94CDBA}.Release|Any CPU.ActiveCfg = Release|Any CPU
		{A4338D41-F4A7-4127-B2C1-2AF47A94CDBA}.Release|Any CPU.Build.0 = Release|Any CPU
		{203BB8FF-6CBF-49F5-9006-C21C1074EF77}.Debug|Any CPU.ActiveCfg = Debug|Any CPU
		{203BB8FF-6CBF-49F5-9006-C21C1074EF77}.Debug|Any CPU.Build.0 = Debug|Any CPU
		{203BB8FF-6CBF-49F5-9006-C21C1074EF77}.Release|Any CPU.ActiveCfg = Release|Any CPU
		{203BB8FF-6CBF-49F5-9006-C21C1074EF77}.Release|Any CPU.Build.0 = Release|Any CPU
	EndGlobalSection
	GlobalSection(SolutionProperties) = preSolution
		HideSolutionNode = FALSE
	EndGlobalSection
	GlobalSection(ExtensibilityGlobals) = postSolution
		SolutionGuid = {DF1DBA9C-1376-438E-AFBB-D1AECF4FC38F}
	EndGlobalSection
EndGlobal
