
Microsoft Visual Studio Solution File, Format Version 12.00
# Visual Studio Version 16
VisualStudioVersion = 16.0.30517.126
MinimumVisualStudioVersion = 10.0.40219.1
Project("{FAE04EC0-301F-11D3-BF4B-00C04F79EFBC}") = "RidgeDrawer", "ImageDrawer\RidgeDrawer.csproj", "{22543895-C4ED-401B-A4EF-529AE17C6BFC}"
EndProject
Project("{FAE04EC0-301F-11D3-BF4B-00C04F79EFBC}") = "RidgeDrawerUI", "ImageDrawerUI\RidgeDrawerUI.csproj", "{A4338D41-F4A7-4127-B2C1-2AF47A94CDBA}"
EndProject
Project("{FAE04EC0-301F-11D3-BF4B-00C04F79EFBC}") = "preview_test", "preview_test\preview_test.csproj", "{203BB8FF-6CBF-49F5-9006-C21C1074EF77}"
EndProject
Project("{8BC9CEB8-8B4A-11D0-8D11-00A0C91BC942}") = "PlusPlus", "PlusPlus\PlusPlus.vcxproj", "{30198EE8-D591-45BA-B8B4-5F5681183C8F}"
EndProject
Project("{FAE04EC0-301F-11D3-BF4B-00C04F79EFBC}") = "SequenceGenerator", "SequenceGenerator\SequenceGenerator.csproj", "{009CE644-53F1-4C39-A273-901B5B37D66B}"
EndProject
Project("{2150E333-8FDC-42A3-9474-1A3956D46DE8}") = "Solution Items", "Solution Items", "{943D41E3-AD0E-4C0E-A420-86ED63B0E158}"
	ProjectSection(SolutionItems) = preProject
		.editorconfig = .editorconfig
	EndProjectSection
EndProject
Global
	GlobalSection(SolutionConfigurationPlatforms) = preSolution
		Debug|Any CPU = Debug|Any CPU
		Debug|x64 = Debug|x64
		Debug|x86 = Debug|x86
		Release|Any CPU = Release|Any CPU
		Release|x64 = Release|x64
		Release|x86 = Release|x86
	EndGlobalSection
	GlobalSection(ProjectConfigurationPlatforms) = postSolution
		{22543895-C4ED-401B-A4EF-529AE17C6BFC}.Debug|Any CPU.ActiveCfg = Debug|Any CPU
		{22543895-C4ED-401B-A4EF-529AE17C6BFC}.Debug|Any CPU.Build.0 = Debug|Any CPU
		{22543895-C4ED-401B-A4EF-529AE17C6BFC}.Debug|x64.ActiveCfg = Debug|Any CPU
		{22543895-C4ED-401B-A4EF-529AE17C6BFC}.Debug|x64.Build.0 = Debug|Any CPU
		{22543895-C4ED-401B-A4EF-529AE17C6BFC}.Debug|x86.ActiveCfg = Debug|Any CPU
		{22543895-C4ED-401B-A4EF-529AE17C6BFC}.Debug|x86.Build.0 = Debug|Any CPU
		{22543895-C4ED-401B-A4EF-529AE17C6BFC}.Release|Any CPU.ActiveCfg = Release|Any CPU
		{22543895-C4ED-401B-A4EF-529AE17C6BFC}.Release|Any CPU.Build.0 = Release|Any CPU
		{22543895-C4ED-401B-A4EF-529AE17C6BFC}.Release|x64.ActiveCfg = Release|Any CPU
		{22543895-C4ED-401B-A4EF-529AE17C6BFC}.Release|x64.Build.0 = Release|Any CPU
		{22543895-C4ED-401B-A4EF-529AE17C6BFC}.Release|x86.ActiveCfg = Release|Any CPU
		{22543895-C4ED-401B-A4EF-529AE17C6BFC}.Release|x86.Build.0 = Release|Any CPU
		{A4338D41-F4A7-4127-B2C1-2AF47A94CDBA}.Debug|Any CPU.ActiveCfg = Debug|Any CPU
		{A4338D41-F4A7-4127-B2C1-2AF47A94CDBA}.Debug|Any CPU.Build.0 = Debug|Any CPU
		{A4338D41-F4A7-4127-B2C1-2AF47A94CDBA}.Debug|x64.ActiveCfg = Debug|Any CPU
		{A4338D41-F4A7-4127-B2C1-2AF47A94CDBA}.Debug|x64.Build.0 = Debug|Any CPU
		{A4338D41-F4A7-4127-B2C1-2AF47A94CDBA}.Debug|x86.ActiveCfg = Debug|Any CPU
		{A4338D41-F4A7-4127-B2C1-2AF47A94CDBA}.Debug|x86.Build.0 = Debug|Any CPU
		{A4338D41-F4A7-4127-B2C1-2AF47A94CDBA}.Release|Any CPU.ActiveCfg = Release|Any CPU
		{A4338D41-F4A7-4127-B2C1-2AF47A94CDBA}.Release|Any CPU.Build.0 = Release|Any CPU
		{A4338D41-F4A7-4127-B2C1-2AF47A94CDBA}.Release|x64.ActiveCfg = Release|Any CPU
		{A4338D41-F4A7-4127-B2C1-2AF47A94CDBA}.Release|x64.Build.0 = Release|Any CPU
		{A4338D41-F4A7-4127-B2C1-2AF47A94CDBA}.Release|x86.ActiveCfg = Release|Any CPU
		{A4338D41-F4A7-4127-B2C1-2AF47A94CDBA}.Release|x86.Build.0 = Release|Any CPU
		{203BB8FF-6CBF-49F5-9006-C21C1074EF77}.Debug|Any CPU.ActiveCfg = Debug|Any CPU
		{203BB8FF-6CBF-49F5-9006-C21C1074EF77}.Debug|Any CPU.Build.0 = Debug|Any CPU
		{203BB8FF-6CBF-49F5-9006-C21C1074EF77}.Debug|x64.ActiveCfg = Debug|Any CPU
		{203BB8FF-6CBF-49F5-9006-C21C1074EF77}.Debug|x64.Build.0 = Debug|Any CPU
		{203BB8FF-6CBF-49F5-9006-C21C1074EF77}.Debug|x86.ActiveCfg = Debug|Any CPU
		{203BB8FF-6CBF-49F5-9006-C21C1074EF77}.Debug|x86.Build.0 = Debug|Any CPU
		{203BB8FF-6CBF-49F5-9006-C21C1074EF77}.Release|Any CPU.ActiveCfg = Release|Any CPU
		{203BB8FF-6CBF-49F5-9006-C21C1074EF77}.Release|Any CPU.Build.0 = Release|Any CPU
		{203BB8FF-6CBF-49F5-9006-C21C1074EF77}.Release|x64.ActiveCfg = Release|Any CPU
		{203BB8FF-6CBF-49F5-9006-C21C1074EF77}.Release|x64.Build.0 = Release|Any CPU
		{203BB8FF-6CBF-49F5-9006-C21C1074EF77}.Release|x86.ActiveCfg = Release|Any CPU
		{203BB8FF-6CBF-49F5-9006-C21C1074EF77}.Release|x86.Build.0 = Release|Any CPU
		{30198EE8-D591-45BA-B8B4-5F5681183C8F}.Debug|Any CPU.ActiveCfg = Debug|Win32
		{30198EE8-D591-45BA-B8B4-5F5681183C8F}.Debug|Any CPU.Build.0 = Debug|Win32
		{30198EE8-D591-45BA-B8B4-5F5681183C8F}.Debug|x64.ActiveCfg = Debug|x64
		{30198EE8-D591-45BA-B8B4-5F5681183C8F}.Debug|x64.Build.0 = Debug|x64
		{30198EE8-D591-45BA-B8B4-5F5681183C8F}.Debug|x86.ActiveCfg = Debug|Win32
		{30198EE8-D591-45BA-B8B4-5F5681183C8F}.Debug|x86.Build.0 = Debug|Win32
		{30198EE8-D591-45BA-B8B4-5F5681183C8F}.Release|Any CPU.ActiveCfg = Release|Win32
		{30198EE8-D591-45BA-B8B4-5F5681183C8F}.Release|x64.ActiveCfg = Release|x64
		{30198EE8-D591-45BA-B8B4-5F5681183C8F}.Release|x64.Build.0 = Release|x64
		{30198EE8-D591-45BA-B8B4-5F5681183C8F}.Release|x86.ActiveCfg = Release|Win32
		{30198EE8-D591-45BA-B8B4-5F5681183C8F}.Release|x86.Build.0 = Release|Win32
		{009CE644-53F1-4C39-A273-901B5B37D66B}.Debug|Any CPU.ActiveCfg = Debug|Any CPU
		{009CE644-53F1-4C39-A273-901B5B37D66B}.Debug|Any CPU.Build.0 = Debug|Any CPU
		{009CE644-53F1-4C39-A273-901B5B37D66B}.Debug|x64.ActiveCfg = Debug|Any CPU
		{009CE644-53F1-4C39-A273-901B5B37D66B}.Debug|x64.Build.0 = Debug|Any CPU
		{009CE644-53F1-4C39-A273-901B5B37D66B}.Debug|x86.ActiveCfg = Debug|Any CPU
		{009CE644-53F1-4C39-A273-901B5B37D66B}.Debug|x86.Build.0 = Debug|Any CPU
		{009CE644-53F1-4C39-A273-901B5B37D66B}.Release|Any CPU.ActiveCfg = Release|Any CPU
		{009CE644-53F1-4C39-A273-901B5B37D66B}.Release|Any CPU.Build.0 = Release|Any CPU
		{009CE644-53F1-4C39-A273-901B5B37D66B}.Release|x64.ActiveCfg = Release|Any CPU
		{009CE644-53F1-4C39-A273-901B5B37D66B}.Release|x64.Build.0 = Release|Any CPU
		{009CE644-53F1-4C39-A273-901B5B37D66B}.Release|x86.ActiveCfg = Release|Any CPU
		{009CE644-53F1-4C39-A273-901B5B37D66B}.Release|x86.Build.0 = Release|Any CPU
	EndGlobalSection
	GlobalSection(SolutionProperties) = preSolution
		HideSolutionNode = FALSE
	EndGlobalSection
	GlobalSection(ExtensibilityGlobals) = postSolution
		SolutionGuid = {DF1DBA9C-1376-438E-AFBB-D1AECF4FC38F}
	EndGlobalSection
EndGlobal
